
Microsoft Visual Studio Solution File, Format Version 12.00
Project("{FAE04EC0-301F-11D3-BF4B-00C04F79EFBC}") = "WebApp", "WebApp\WebApp.csproj", "{5FC83FDB-7523-47F9-A6DB-69F673611FFD}"
EndProject
Project("{2150E333-8FDC-42A3-9474-1A3956D46DE8}") = "Solution Items", "Solution Items", "{AC812BC5-31DC-4FFB-9190-7BC37FFD6ACB}"
	ProjectSection(SolutionItems) = preProject
		.gitignore = .gitignore
		README.md = README.md
		docker-compose-db.yml = docker-compose-db.yml
		Directory.Build.props = Directory.Build.props
		.dockerignore = .dockerignore
		Dockerfile = Dockerfile
		docker-compose.yml = docker-compose.yml
	EndProjectSection
EndProject
Project("{FAE04EC0-301F-11D3-BF4B-00C04F79EFBC}") = "Helpers", "Helpers\Helpers.csproj", "{C9A988F8-9B74-4A67-B979-BB368B6011A8}"
EndProject
Project("{2150E333-8FDC-42A3-9474-1A3956D46DE8}") = "App", "App", "{04032EDC-E931-47DC-9E94-A98697D3F300}"
EndProject
Project("{2150E333-8FDC-42A3-9474-1A3956D46DE8}") = "Base", "Base", "{875769EE-52C2-489F-ADA9-3E2687A18720}"
EndProject
Project("{2150E333-8FDC-42A3-9474-1A3956D46DE8}") = "Test", "Test", "{91DDE729-839A-4901-97D3-92659FE55828}"
EndProject
Project("{FAE04EC0-301F-11D3-BF4B-00C04F79EFBC}") = "DAL.EF.App", "DAL.EF.App\DAL.EF.App.csproj", "{972DA76E-B123-4B00-A6C9-C345B33F03DC}"
EndProject
Project("{2150E333-8FDC-42A3-9474-1A3956D46DE8}") = "Contracts", "Contracts", "{678F46A9-A52C-45DB-8857-A7BD16A78F2F}"
EndProject
Project("{FAE04EC0-301F-11D3-BF4B-00C04F79EFBC}") = "Domain.Contracts.Base", "Domain.Contracts.Base\Domain.Contracts.Base.csproj", "{853E41BF-6D19-49FA-B318-295C16D1A702}"
EndProject
Project("{FAE04EC0-301F-11D3-BF4B-00C04F79EFBC}") = "Domain.Base", "Domain.Base\Domain.Base.csproj", "{AA4E706B-A0EB-4971-806C-0BE40C2AC91A}"
EndProject
Project("{FAE04EC0-301F-11D3-BF4B-00C04F79EFBC}") = "Domain.App", "Domain.App\Domain.App.csproj", "{2F3D5DC4-A97A-4240-B7A0-A265E6242A43}"
EndProject
Project("{FAE04EC0-301F-11D3-BF4B-00C04F79EFBC}") = "Tests", "Tests\Tests.csproj", "{ADD104F4-56DB-474C-B446-CDEE8373C418}"
EndProject
Project("{FAE04EC0-301F-11D3-BF4B-00C04F79EFBC}") = "Helpers.Base", "Helpers.Base\Helpers.Base.csproj", "{B35F8A0F-9236-4BF0-8F6D-326C53C0FD33}"
EndProject
Project("{FAE04EC0-301F-11D3-BF4B-00C04F79EFBC}") = "DAL.EF.Base", "DAL.EF.Base\DAL.EF.Base.csproj", "{EEE3FDF9-ACA8-417D-949F-01E0566D85BF}"
EndProject
Project("{FAE04EC0-301F-11D3-BF4B-00C04F79EFBC}") = "DAL.Contracts.Base", "DAL.Contracts.Base\DAL.Contracts.Base.csproj", "{E4700184-B3D7-4FE7-8AAC-38C5DDD3F915}"
EndProject
Project("{2150E333-8FDC-42A3-9474-1A3956D46DE8}") = "Contracts", "Contracts", "{254F242E-5E52-4C3C-B7CC-280D74CB0249}"
EndProject
Project("{FAE04EC0-301F-11D3-BF4B-00C04F79EFBC}") = "DAL.Contracts.App", "DAL.Contracts.App\DAL.Contracts.App.csproj", "{603EF587-DD8A-47D4-8721-75938E700BFE}"
EndProject
Project("{FAE04EC0-301F-11D3-BF4B-00C04F79EFBC}") = "Public.DTO", "Public.DTO\Public.DTO.csproj", "{02162300-BDC0-49E8-B957-968D2C590AD5}"
EndProject
Project("{FAE04EC0-301F-11D3-BF4B-00C04F79EFBC}") = "Contracts.Base", "Contracts.Base\Contracts.Base.csproj", "{D9D0C09A-D3C7-49E2-AFFA-3B032E1772B8}"
EndProject
Project("{FAE04EC0-301F-11D3-BF4B-00C04F79EFBC}") = "DAL.Base", "DAL.Base\DAL.Base.csproj", "{645C8FD4-7121-406B-AEA4-D465CF64A064}"
EndProject
Project("{FAE04EC0-301F-11D3-BF4B-00C04F79EFBC}") = "DAL.DTO", "DAL.DTO\DAL.DTO.csproj", "{AF98BF4D-2467-40EF-A91F-E2A68558E676}"
EndProject
Project("{FAE04EC0-301F-11D3-BF4B-00C04F79EFBC}") = "BLL.Contracts.Base", "BLL.Contracts.Base\BLL.Contracts.Base.csproj", "{09C00A68-C44A-4C34-84EF-2B8FDEC52369}"
EndProject
Project("{FAE04EC0-301F-11D3-BF4B-00C04F79EFBC}") = "BLL.Base", "BLL.Base\BLL.Base.csproj", "{6ED7C98B-2325-4F63-A72F-B736A1B7DA5F}"
EndProject
Project("{FAE04EC0-301F-11D3-BF4B-00C04F79EFBC}") = "BLL.Contracts.App", "BLL.Contracts.App\BLL.Contracts.App.csproj", "{5FAC840B-F049-41D4-800A-B8FF27A1F3D6}"
EndProject
Project("{FAE04EC0-301F-11D3-BF4B-00C04F79EFBC}") = "BLL.DTO", "BLL.DTO\BLL.DTO.csproj", "{07292FFF-70AF-45B2-BB38-5F0CAFF6DB0E}"
EndProject
Project("{FAE04EC0-301F-11D3-BF4B-00C04F79EFBC}") = "BLL.App", "BLL.App\BLL.App.csproj", "{9F35020E-F9DC-47D4-83E3-1ABB0383BB7A}"
EndProject
Project("{2150E333-8FDC-42A3-9474-1A3956D46DE8}") = "DTO Or Domain", "DTO Or Domain", "{C03D4E50-6A84-407A-AA96-CDD77421DBC7}"
EndProject
Global
	GlobalSection(SolutionConfigurationPlatforms) = preSolution
		Debug|Any CPU = Debug|Any CPU
		Release|Any CPU = Release|Any CPU
	EndGlobalSection
	GlobalSection(ProjectConfigurationPlatforms) = postSolution
		{5FC83FDB-7523-47F9-A6DB-69F673611FFD}.Debug|Any CPU.ActiveCfg = Debug|Any CPU
		{5FC83FDB-7523-47F9-A6DB-69F673611FFD}.Debug|Any CPU.Build.0 = Debug|Any CPU
		{5FC83FDB-7523-47F9-A6DB-69F673611FFD}.Release|Any CPU.ActiveCfg = Release|Any CPU
		{5FC83FDB-7523-47F9-A6DB-69F673611FFD}.Release|Any CPU.Build.0 = Release|Any CPU
		{C9A988F8-9B74-4A67-B979-BB368B6011A8}.Debug|Any CPU.ActiveCfg = Debug|Any CPU
		{C9A988F8-9B74-4A67-B979-BB368B6011A8}.Debug|Any CPU.Build.0 = Debug|Any CPU
		{C9A988F8-9B74-4A67-B979-BB368B6011A8}.Release|Any CPU.ActiveCfg = Release|Any CPU
		{C9A988F8-9B74-4A67-B979-BB368B6011A8}.Release|Any CPU.Build.0 = Release|Any CPU
		{972DA76E-B123-4B00-A6C9-C345B33F03DC}.Debug|Any CPU.ActiveCfg = Debug|Any CPU
		{972DA76E-B123-4B00-A6C9-C345B33F03DC}.Debug|Any CPU.Build.0 = Debug|Any CPU
		{972DA76E-B123-4B00-A6C9-C345B33F03DC}.Release|Any CPU.ActiveCfg = Release|Any CPU
		{972DA76E-B123-4B00-A6C9-C345B33F03DC}.Release|Any CPU.Build.0 = Release|Any CPU
		{853E41BF-6D19-49FA-B318-295C16D1A702}.Debug|Any CPU.ActiveCfg = Debug|Any CPU
		{853E41BF-6D19-49FA-B318-295C16D1A702}.Debug|Any CPU.Build.0 = Debug|Any CPU
		{853E41BF-6D19-49FA-B318-295C16D1A702}.Release|Any CPU.ActiveCfg = Release|Any CPU
		{853E41BF-6D19-49FA-B318-295C16D1A702}.Release|Any CPU.Build.0 = Release|Any CPU
		{AA4E706B-A0EB-4971-806C-0BE40C2AC91A}.Debug|Any CPU.ActiveCfg = Debug|Any CPU
		{AA4E706B-A0EB-4971-806C-0BE40C2AC91A}.Debug|Any CPU.Build.0 = Debug|Any CPU
		{AA4E706B-A0EB-4971-806C-0BE40C2AC91A}.Release|Any CPU.ActiveCfg = Release|Any CPU
		{AA4E706B-A0EB-4971-806C-0BE40C2AC91A}.Release|Any CPU.Build.0 = Release|Any CPU
		{2F3D5DC4-A97A-4240-B7A0-A265E6242A43}.Debug|Any CPU.ActiveCfg = Debug|Any CPU
		{2F3D5DC4-A97A-4240-B7A0-A265E6242A43}.Debug|Any CPU.Build.0 = Debug|Any CPU
		{2F3D5DC4-A97A-4240-B7A0-A265E6242A43}.Release|Any CPU.ActiveCfg = Release|Any CPU
		{2F3D5DC4-A97A-4240-B7A0-A265E6242A43}.Release|Any CPU.Build.0 = Release|Any CPU
		{ADD104F4-56DB-474C-B446-CDEE8373C418}.Debug|Any CPU.ActiveCfg = Debug|Any CPU
		{ADD104F4-56DB-474C-B446-CDEE8373C418}.Debug|Any CPU.Build.0 = Debug|Any CPU
		{ADD104F4-56DB-474C-B446-CDEE8373C418}.Release|Any CPU.ActiveCfg = Release|Any CPU
		{ADD104F4-56DB-474C-B446-CDEE8373C418}.Release|Any CPU.Build.0 = Release|Any CPU
		{B35F8A0F-9236-4BF0-8F6D-326C53C0FD33}.Debug|Any CPU.ActiveCfg = Debug|Any CPU
		{B35F8A0F-9236-4BF0-8F6D-326C53C0FD33}.Debug|Any CPU.Build.0 = Debug|Any CPU
		{B35F8A0F-9236-4BF0-8F6D-326C53C0FD33}.Release|Any CPU.ActiveCfg = Release|Any CPU
		{B35F8A0F-9236-4BF0-8F6D-326C53C0FD33}.Release|Any CPU.Build.0 = Release|Any CPU
		{EEE3FDF9-ACA8-417D-949F-01E0566D85BF}.Debug|Any CPU.ActiveCfg = Debug|Any CPU
		{EEE3FDF9-ACA8-417D-949F-01E0566D85BF}.Debug|Any CPU.Build.0 = Debug|Any CPU
		{EEE3FDF9-ACA8-417D-949F-01E0566D85BF}.Release|Any CPU.ActiveCfg = Release|Any CPU
		{EEE3FDF9-ACA8-417D-949F-01E0566D85BF}.Release|Any CPU.Build.0 = Release|Any CPU
		{E4700184-B3D7-4FE7-8AAC-38C5DDD3F915}.Debug|Any CPU.ActiveCfg = Debug|Any CPU
		{E4700184-B3D7-4FE7-8AAC-38C5DDD3F915}.Debug|Any CPU.Build.0 = Debug|Any CPU
		{E4700184-B3D7-4FE7-8AAC-38C5DDD3F915}.Release|Any CPU.ActiveCfg = Release|Any CPU
		{E4700184-B3D7-4FE7-8AAC-38C5DDD3F915}.Release|Any CPU.Build.0 = Release|Any CPU
		{603EF587-DD8A-47D4-8721-75938E700BFE}.Debug|Any CPU.ActiveCfg = Debug|Any CPU
		{603EF587-DD8A-47D4-8721-75938E700BFE}.Debug|Any CPU.Build.0 = Debug|Any CPU
		{603EF587-DD8A-47D4-8721-75938E700BFE}.Release|Any CPU.ActiveCfg = Release|Any CPU
		{603EF587-DD8A-47D4-8721-75938E700BFE}.Release|Any CPU.Build.0 = Release|Any CPU
		{02162300-BDC0-49E8-B957-968D2C590AD5}.Debug|Any CPU.ActiveCfg = Debug|Any CPU
		{02162300-BDC0-49E8-B957-968D2C590AD5}.Debug|Any CPU.Build.0 = Debug|Any CPU
		{02162300-BDC0-49E8-B957-968D2C590AD5}.Release|Any CPU.ActiveCfg = Release|Any CPU
		{02162300-BDC0-49E8-B957-968D2C590AD5}.Release|Any CPU.Build.0 = Release|Any CPU
		{D9D0C09A-D3C7-49E2-AFFA-3B032E1772B8}.Debug|Any CPU.ActiveCfg = Debug|Any CPU
		{D9D0C09A-D3C7-49E2-AFFA-3B032E1772B8}.Debug|Any CPU.Build.0 = Debug|Any CPU
		{D9D0C09A-D3C7-49E2-AFFA-3B032E1772B8}.Release|Any CPU.ActiveCfg = Release|Any CPU
		{D9D0C09A-D3C7-49E2-AFFA-3B032E1772B8}.Release|Any CPU.Build.0 = Release|Any CPU
		{645C8FD4-7121-406B-AEA4-D465CF64A064}.Debug|Any CPU.ActiveCfg = Debug|Any CPU
		{645C8FD4-7121-406B-AEA4-D465CF64A064}.Debug|Any CPU.Build.0 = Debug|Any CPU
		{645C8FD4-7121-406B-AEA4-D465CF64A064}.Release|Any CPU.ActiveCfg = Release|Any CPU
		{645C8FD4-7121-406B-AEA4-D465CF64A064}.Release|Any CPU.Build.0 = Release|Any CPU
		{AF98BF4D-2467-40EF-A91F-E2A68558E676}.Debug|Any CPU.ActiveCfg = Debug|Any CPU
		{AF98BF4D-2467-40EF-A91F-E2A68558E676}.Debug|Any CPU.Build.0 = Debug|Any CPU
		{AF98BF4D-2467-40EF-A91F-E2A68558E676}.Release|Any CPU.ActiveCfg = Release|Any CPU
		{AF98BF4D-2467-40EF-A91F-E2A68558E676}.Release|Any CPU.Build.0 = Release|Any CPU
		{09C00A68-C44A-4C34-84EF-2B8FDEC52369}.Debug|Any CPU.ActiveCfg = Debug|Any CPU
		{09C00A68-C44A-4C34-84EF-2B8FDEC52369}.Debug|Any CPU.Build.0 = Debug|Any CPU
		{09C00A68-C44A-4C34-84EF-2B8FDEC52369}.Release|Any CPU.ActiveCfg = Release|Any CPU
		{09C00A68-C44A-4C34-84EF-2B8FDEC52369}.Release|Any CPU.Build.0 = Release|Any CPU
		{6ED7C98B-2325-4F63-A72F-B736A1B7DA5F}.Debug|Any CPU.ActiveCfg = Debug|Any CPU
		{6ED7C98B-2325-4F63-A72F-B736A1B7DA5F}.Debug|Any CPU.Build.0 = Debug|Any CPU
		{6ED7C98B-2325-4F63-A72F-B736A1B7DA5F}.Release|Any CPU.ActiveCfg = Release|Any CPU
		{6ED7C98B-2325-4F63-A72F-B736A1B7DA5F}.Release|Any CPU.Build.0 = Release|Any CPU
		{5FAC840B-F049-41D4-800A-B8FF27A1F3D6}.Debug|Any CPU.ActiveCfg = Debug|Any CPU
		{5FAC840B-F049-41D4-800A-B8FF27A1F3D6}.Debug|Any CPU.Build.0 = Debug|Any CPU
		{5FAC840B-F049-41D4-800A-B8FF27A1F3D6}.Release|Any CPU.ActiveCfg = Release|Any CPU
		{5FAC840B-F049-41D4-800A-B8FF27A1F3D6}.Release|Any CPU.Build.0 = Release|Any CPU
		{07292FFF-70AF-45B2-BB38-5F0CAFF6DB0E}.Debug|Any CPU.ActiveCfg = Debug|Any CPU
		{07292FFF-70AF-45B2-BB38-5F0CAFF6DB0E}.Debug|Any CPU.Build.0 = Debug|Any CPU
		{07292FFF-70AF-45B2-BB38-5F0CAFF6DB0E}.Release|Any CPU.ActiveCfg = Release|Any CPU
		{07292FFF-70AF-45B2-BB38-5F0CAFF6DB0E}.Release|Any CPU.Build.0 = Release|Any CPU
		{9F35020E-F9DC-47D4-83E3-1ABB0383BB7A}.Debug|Any CPU.ActiveCfg = Debug|Any CPU
		{9F35020E-F9DC-47D4-83E3-1ABB0383BB7A}.Debug|Any CPU.Build.0 = Debug|Any CPU
		{9F35020E-F9DC-47D4-83E3-1ABB0383BB7A}.Release|Any CPU.ActiveCfg = Release|Any CPU
		{9F35020E-F9DC-47D4-83E3-1ABB0383BB7A}.Release|Any CPU.Build.0 = Release|Any CPU
	EndGlobalSection
	GlobalSection(NestedProjects) = preSolution
		{5FC83FDB-7523-47F9-A6DB-69F673611FFD} = {04032EDC-E931-47DC-9E94-A98697D3F300}
		{972DA76E-B123-4B00-A6C9-C345B33F03DC} = {04032EDC-E931-47DC-9E94-A98697D3F300}
		{678F46A9-A52C-45DB-8857-A7BD16A78F2F} = {875769EE-52C2-489F-ADA9-3E2687A18720}
		{853E41BF-6D19-49FA-B318-295C16D1A702} = {678F46A9-A52C-45DB-8857-A7BD16A78F2F}
		{AA4E706B-A0EB-4971-806C-0BE40C2AC91A} = {875769EE-52C2-489F-ADA9-3E2687A18720}
		{ADD104F4-56DB-474C-B446-CDEE8373C418} = {91DDE729-839A-4901-97D3-92659FE55828}
		{B35F8A0F-9236-4BF0-8F6D-326C53C0FD33} = {875769EE-52C2-489F-ADA9-3E2687A18720}
		{EEE3FDF9-ACA8-417D-949F-01E0566D85BF} = {875769EE-52C2-489F-ADA9-3E2687A18720}
		{E4700184-B3D7-4FE7-8AAC-38C5DDD3F915} = {678F46A9-A52C-45DB-8857-A7BD16A78F2F}
		{254F242E-5E52-4C3C-B7CC-280D74CB0249} = {04032EDC-E931-47DC-9E94-A98697D3F300}
		{603EF587-DD8A-47D4-8721-75938E700BFE} = {254F242E-5E52-4C3C-B7CC-280D74CB0249}
		{D9D0C09A-D3C7-49E2-AFFA-3B032E1772B8} = {678F46A9-A52C-45DB-8857-A7BD16A78F2F}
		{645C8FD4-7121-406B-AEA4-D465CF64A064} = {875769EE-52C2-489F-ADA9-3E2687A18720}
		{09C00A68-C44A-4C34-84EF-2B8FDEC52369} = {678F46A9-A52C-45DB-8857-A7BD16A78F2F}
		{6ED7C98B-2325-4F63-A72F-B736A1B7DA5F} = {875769EE-52C2-489F-ADA9-3E2687A18720}
		{5FAC840B-F049-41D4-800A-B8FF27A1F3D6} = {254F242E-5E52-4C3C-B7CC-280D74CB0249}
		{9F35020E-F9DC-47D4-83E3-1ABB0383BB7A} = {04032EDC-E931-47DC-9E94-A98697D3F300}
		{C03D4E50-6A84-407A-AA96-CDD77421DBC7} = {04032EDC-E931-47DC-9E94-A98697D3F300}
		{AF98BF4D-2467-40EF-A91F-E2A68558E676} = {C03D4E50-6A84-407A-AA96-CDD77421DBC7}
		{07292FFF-70AF-45B2-BB38-5F0CAFF6DB0E} = {C03D4E50-6A84-407A-AA96-CDD77421DBC7}
		{02162300-BDC0-49E8-B957-968D2C590AD5} = {C03D4E50-6A84-407A-AA96-CDD77421DBC7}
		{2F3D5DC4-A97A-4240-B7A0-A265E6242A43} = {C03D4E50-6A84-407A-AA96-CDD77421DBC7}
	EndGlobalSection
EndGlobal
